
Microsoft Visual Studio Solution File, Format Version 12.00
# Visual Studio 2013
VisualStudioVersion = 12.0.31101.0
MinimumVisualStudioVersion = 10.0.40219.1
Project("{FAE04EC0-301F-11D3-BF4B-00C04F79EFBC}") = "ElasticOps", "ElasticOps\ElasticOps.csproj", "{4ED29FDF-A914-4319-AC53-0736B794487F}"
EndProject
Project("{F2A71F9B-5D33-465A-A702-920D77279786}") = "ElasticOps.Commands", "ElasticOps.Commands\ElasticOps.Commands.fsproj", "{0623F346-37CC-4820-8728-0A9849C52A87}"
EndProject
Project("{F2A71F9B-5D33-465A-A702-920D77279786}") = "ElasticOps.Parsing", "ElasticOps.Parsing\ElasticOps.Parsing.fsproj", "{E9EF6FBA-1DFD-4020-9CAF-F77111C0BFDF}"
EndProject
Project("{F2A71F9B-5D33-465A-A702-920D77279786}") = "ElasticOps.Parsing.Tests", "ElasticOps.Parsing.Tests\ElasticOps.Parsing.Tests.fsproj", "{F897800A-CA28-470D-9697-563D95B8C98C}"
EndProject
Project("{F2A71F9B-5D33-465A-A702-920D77279786}") = "ElasticOps.Configuration", "ElasticOps.Configuration\ElasticOps.Configuration.fsproj", "{F4A3B1C5-3C4F-4E2D-8FDC-02F891E2D3CA}"
EndProject
Project("{2150E333-8FDC-42A3-9474-1A3956D46DE8}") = "SolutionItems", "SolutionItems", "{979F7567-AD97-48A2-866C-3049A3F43DB9}"
	ProjectSection(SolutionItems) = preProject
		SolutionItems\Config.yaml = SolutionItems\Config.yaml
	EndProjectSection
EndProject
Project("{FAE04EC0-301F-11D3-BF4B-00C04F79EFBC}") = "ElasticOps.TestData", "ElasticOps.TestData\ElasticOps.TestData.csproj", "{33BAB35E-8F36-4E58-92C2-5F4809551FF0}"
EndProject
Project("{F2A71F9B-5D33-465A-A702-920D77279786}") = "ElasticOps.Commands.Tests", "ElasticOps.Commands.Tests\ElasticOps.Commands.Tests.fsproj", "{136E59E1-81BC-413D-BEAF-ABE48DD8C594}"
EndProject
Global
	GlobalSection(SolutionConfigurationPlatforms) = preSolution
		Build|Any CPU = Build|Any CPU
		Debug|Any CPU = Debug|Any CPU
		Release|Any CPU = Release|Any CPU
	EndGlobalSection
	GlobalSection(ProjectConfigurationPlatforms) = postSolution
		{4ED29FDF-A914-4319-AC53-0736B794487F}.Build|Any CPU.ActiveCfg = Build|Any CPU
		{4ED29FDF-A914-4319-AC53-0736B794487F}.Build|Any CPU.Build.0 = Build|Any CPU
		{4ED29FDF-A914-4319-AC53-0736B794487F}.Debug|Any CPU.ActiveCfg = Debug|Any CPU
		{4ED29FDF-A914-4319-AC53-0736B794487F}.Debug|Any CPU.Build.0 = Debug|Any CPU
		{4ED29FDF-A914-4319-AC53-0736B794487F}.Release|Any CPU.ActiveCfg = Release|Any CPU
		{4ED29FDF-A914-4319-AC53-0736B794487F}.Release|Any CPU.Build.0 = Release|Any CPU
		{0623F346-37CC-4820-8728-0A9849C52A87}.Build|Any CPU.ActiveCfg = Build|Any CPU
		{0623F346-37CC-4820-8728-0A9849C52A87}.Build|Any CPU.Build.0 = Build|Any CPU
		{0623F346-37CC-4820-8728-0A9849C52A87}.Debug|Any CPU.ActiveCfg = Debug|Any CPU
		{0623F346-37CC-4820-8728-0A9849C52A87}.Debug|Any CPU.Build.0 = Debug|Any CPU
		{0623F346-37CC-4820-8728-0A9849C52A87}.Release|Any CPU.ActiveCfg = Release|Any CPU
		{0623F346-37CC-4820-8728-0A9849C52A87}.Release|Any CPU.Build.0 = Release|Any CPU
		{E9EF6FBA-1DFD-4020-9CAF-F77111C0BFDF}.Build|Any CPU.ActiveCfg = Release|Any CPU
		{E9EF6FBA-1DFD-4020-9CAF-F77111C0BFDF}.Build|Any CPU.Build.0 = Release|Any CPU
		{E9EF6FBA-1DFD-4020-9CAF-F77111C0BFDF}.Debug|Any CPU.ActiveCfg = Debug|Any CPU
		{E9EF6FBA-1DFD-4020-9CAF-F77111C0BFDF}.Debug|Any CPU.Build.0 = Debug|Any CPU
		{E9EF6FBA-1DFD-4020-9CAF-F77111C0BFDF}.Release|Any CPU.ActiveCfg = Release|Any CPU
		{E9EF6FBA-1DFD-4020-9CAF-F77111C0BFDF}.Release|Any CPU.Build.0 = Release|Any CPU
		{F897800A-CA28-470D-9697-563D95B8C98C}.Build|Any CPU.ActiveCfg = Release|Any CPU
		{F897800A-CA28-470D-9697-563D95B8C98C}.Build|Any CPU.Build.0 = Release|Any CPU
		{F897800A-CA28-470D-9697-563D95B8C98C}.Debug|Any CPU.ActiveCfg = Debug|Any CPU
		{F897800A-CA28-470D-9697-563D95B8C98C}.Debug|Any CPU.Build.0 = Debug|Any CPU
		{F897800A-CA28-470D-9697-563D95B8C98C}.Release|Any CPU.ActiveCfg = Release|Any CPU
		{F897800A-CA28-470D-9697-563D95B8C98C}.Release|Any CPU.Build.0 = Release|Any CPU
		{F4A3B1C5-3C4F-4E2D-8FDC-02F891E2D3CA}.Build|Any CPU.ActiveCfg = Release|Any CPU
		{F4A3B1C5-3C4F-4E2D-8FDC-02F891E2D3CA}.Build|Any CPU.Build.0 = Release|Any CPU
		{F4A3B1C5-3C4F-4E2D-8FDC-02F891E2D3CA}.Debug|Any CPU.ActiveCfg = Debug|Any CPU
		{F4A3B1C5-3C4F-4E2D-8FDC-02F891E2D3CA}.Debug|Any CPU.Build.0 = Debug|Any CPU
		{F4A3B1C5-3C4F-4E2D-8FDC-02F891E2D3CA}.Release|Any CPU.ActiveCfg = Release|Any CPU
		{F4A3B1C5-3C4F-4E2D-8FDC-02F891E2D3CA}.Release|Any CPU.Build.0 = Release|Any CPU
		{33BAB35E-8F36-4E58-92C2-5F4809551FF0}.Build|Any CPU.ActiveCfg = Release|Any CPU
		{33BAB35E-8F36-4E58-92C2-5F4809551FF0}.Build|Any CPU.Build.0 = Release|Any CPU
		{33BAB35E-8F36-4E58-92C2-5F4809551FF0}.Debug|Any CPU.ActiveCfg = Debug|Any CPU
		{33BAB35E-8F36-4E58-92C2-5F4809551FF0}.Debug|Any CPU.Build.0 = Debug|Any CPU
		{33BAB35E-8F36-4E58-92C2-5F4809551FF0}.Release|Any CPU.ActiveCfg = Release|Any CPU
		{33BAB35E-8F36-4E58-92C2-5F4809551FF0}.Release|Any CPU.Build.0 = Release|Any CPU
		{136E59E1-81BC-413D-BEAF-ABE48DD8C594}.Build|Any CPU.ActiveCfg = Release|Any CPU
		{136E59E1-81BC-413D-BEAF-ABE48DD8C594}.Build|Any CPU.Build.0 = Release|Any CPU
		{136E59E1-81BC-413D-BEAF-ABE48DD8C594}.Debug|Any CPU.ActiveCfg = Debug|Any CPU
		{136E59E1-81BC-413D-BEAF-ABE48DD8C594}.Debug|Any CPU.Build.0 = Debug|Any CPU
		{136E59E1-81BC-413D-BEAF-ABE48DD8C594}.Release|Any CPU.ActiveCfg = Release|Any CPU
		{136E59E1-81BC-413D-BEAF-ABE48DD8C594}.Release|Any CPU.Build.0 = Release|Any CPU
	EndGlobalSection
	GlobalSection(SolutionProperties) = preSolution
		HideSolutionNode = FALSE
	EndGlobalSection
EndGlobal
